
Microsoft Visual Studio Solution File, Format Version 12.00
# Visual Studio Version 17
VisualStudioVersion = 17.7.34031.279
MinimumVisualStudioVersion = 10.0.40219.1
Project("{8BC9CEB8-8B4A-11D0-8D11-00A0C91BC942}") = "LAB1", "LAB1\LAB1.vcxproj", "{F547FE36-0A2A-4BB1-9E90-EF5B69D54119}"
EndProject
Project("{8BC9CEB8-8B4A-11D0-8D11-00A0C91BC942}") = "LAB2", "LAB2\LAB2.vcxproj", "{28B7A091-2A84-4EDD-A187-F47C383619C2}"
EndProject
Project("{8BC9CEB8-8B4A-11D0-8D11-00A0C91BC942}") = "LAB3", "LAB3\LAB3.vcxproj", "{8C04701E-9418-4813-877D-C17F8696B189}"
EndProject
Project("{8BC9CEB8-8B4A-11D0-8D11-00A0C91BC942}") = "LAB5", "LAB5\LAB5.vcxproj", "{F69E0BEA-AEB5-4F58-A3D2-1CD7F1098756}"
EndProject
Project("{8BC9CEB8-8B4A-11D0-8D11-00A0C91BC942}") = "lab6", "lab6\lab6.vcxproj", "{6F1E4FB4-C866-43C2-962E-8EC5D40D9F40}"
EndProject
Project("{8BC9CEB8-8B4A-11D0-8D11-00A0C91BC942}") = "lab4", "lab4\lab4.vcxproj", "{5FA6B6E2-F916-419C-AA87-B4442C709AAE}"
EndProject
Global
	GlobalSection(SolutionConfigurationPlatforms) = preSolution
		Debug|x64 = Debug|x64
		Debug|x86 = Debug|x86
		Release|x64 = Release|x64
		Release|x86 = Release|x86
	EndGlobalSection
	GlobalSection(ProjectConfigurationPlatforms) = postSolution
		{F547FE36-0A2A-4BB1-9E90-EF5B69D54119}.Debug|x64.ActiveCfg = Debug|x64
		{F547FE36-0A2A-4BB1-9E90-EF5B69D54119}.Debug|x64.Build.0 = Debug|x64
		{F547FE36-0A2A-4BB1-9E90-EF5B69D54119}.Debug|x86.ActiveCfg = Debug|Win32
		{F547FE36-0A2A-4BB1-9E90-EF5B69D54119}.Debug|x86.Build.0 = Debug|Win32
		{F547FE36-0A2A-4BB1-9E90-EF5B69D54119}.Release|x64.ActiveCfg = Release|x64
		{F547FE36-0A2A-4BB1-9E90-EF5B69D54119}.Release|x64.Build.0 = Release|x64
		{F547FE36-0A2A-4BB1-9E90-EF5B69D54119}.Release|x86.ActiveCfg = Release|Win32
		{F547FE36-0A2A-4BB1-9E90-EF5B69D54119}.Release|x86.Build.0 = Release|Win32
		{28B7A091-2A84-4EDD-A187-F47C383619C2}.Debug|x64.ActiveCfg = Debug|x64
		{28B7A091-2A84-4EDD-A187-F47C383619C2}.Debug|x64.Build.0 = Debug|x64
		{28B7A091-2A84-4EDD-A187-F47C383619C2}.Debug|x86.ActiveCfg = Debug|Win32
		{28B7A091-2A84-4EDD-A187-F47C383619C2}.Debug|x86.Build.0 = Debug|Win32
		{28B7A091-2A84-4EDD-A187-F47C383619C2}.Release|x64.ActiveCfg = Release|x64
		{28B7A091-2A84-4EDD-A187-F47C383619C2}.Release|x64.Build.0 = Release|x64
		{28B7A091-2A84-4EDD-A187-F47C383619C2}.Release|x86.ActiveCfg = Release|Win32
		{28B7A091-2A84-4EDD-A187-F47C383619C2}.Release|x86.Build.0 = Release|Win32
		{8C04701E-9418-4813-877D-C17F8696B189}.Debug|x64.ActiveCfg = Debug|x64
		{8C04701E-9418-4813-877D-C17F8696B189}.Debug|x64.Build.0 = Debug|x64
		{8C04701E-9418-4813-877D-C17F8696B189}.Debug|x86.ActiveCfg = Debug|Win32
		{8C04701E-9418-4813-877D-C17F8696B189}.Debug|x86.Build.0 = Debug|Win32
		{8C04701E-9418-4813-877D-C17F8696B189}.Release|x64.ActiveCfg = Release|x64
		{8C04701E-9418-4813-877D-C17F8696B189}.Release|x64.Build.0 = Release|x64
		{8C04701E-9418-4813-877D-C17F8696B189}.Release|x86.ActiveCfg = Release|Win32
		{8C04701E-9418-4813-877D-C17F8696B189}.Release|x86.Build.0 = Release|Win32
		{F69E0BEA-AEB5-4F58-A3D2-1CD7F1098756}.Debug|x64.ActiveCfg = Debug|x64
		{F69E0BEA-AEB5-4F58-A3D2-1CD7F1098756}.Debug|x64.Build.0 = Debug|x64
		{F69E0BEA-AEB5-4F58-A3D2-1CD7F1098756}.Debug|x86.ActiveCfg = Debug|Win32
		{F69E0BEA-AEB5-4F58-A3D2-1CD7F1098756}.Debug|x86.Build.0 = Debug|Win32
		{F69E0BEA-AEB5-4F58-A3D2-1CD7F1098756}.Release|x64.ActiveCfg = Release|x64
		{F69E0BEA-AEB5-4F58-A3D2-1CD7F1098756}.Release|x64.Build.0 = Release|x64
		{F69E0BEA-AEB5-4F58-A3D2-1CD7F1098756}.Release|x86.ActiveCfg = Release|Win32
		{F69E0BEA-AEB5-4F58-A3D2-1CD7F1098756}.Release|x86.Build.0 = Release|Win32
		{6F1E4FB4-C866-43C2-962E-8EC5D40D9F40}.Debug|x64.ActiveCfg = Debug|x64
		{6F1E4FB4-C866-43C2-962E-8EC5D40D9F40}.Debug|x64.Build.0 = Debug|x64
		{6F1E4FB4-C866-43C2-962E-8EC5D40D9F40}.Debug|x86.ActiveCfg = Debug|Win32
		{6F1E4FB4-C866-43C2-962E-8EC5D40D9F40}.Debug|x86.Build.0 = Debug|Win32
		{6F1E4FB4-C866-43C2-962E-8EC5D40D9F40}.Release|x64.ActiveCfg = Release|x64
		{6F1E4FB4-C866-43C2-962E-8EC5D40D9F40}.Release|x64.Build.0 = Release|x64
		{6F1E4FB4-C866-43C2-962E-8EC5D40D9F40}.Release|x86.ActiveCfg = Release|Win32
		{6F1E4FB4-C866-43C2-962E-8EC5D40D9F40}.Release|x86.Build.0 = Release|Win32
		{5FA6B6E2-F916-419C-AA87-B4442C709AAE}.Debug|x64.ActiveCfg = Debug|x64
		{5FA6B6E2-F916-419C-AA87-B4442C709AAE}.Debug|x64.Build.0 = Debug|x64
		{5FA6B6E2-F916-419C-AA87-B4442C709AAE}.Debug|x86.ActiveCfg = Debug|Win32
		{5FA6B6E2-F916-419C-AA87-B4442C709AAE}.Debug|x86.Build.0 = Debug|Win32
		{5FA6B6E2-F916-419C-AA87-B4442C709AAE}.Release|x64.ActiveCfg = Release|x64
		{5FA6B6E2-F916-419C-AA87-B4442C709AAE}.Release|x64.Build.0 = Release|x64
		{5FA6B6E2-F916-419C-AA87-B4442C709AAE}.Release|x86.ActiveCfg = Release|Win32
		{5FA6B6E2-F916-419C-AA87-B4442C709AAE}.Release|x86.Build.0 = Release|Win32
	EndGlobalSection
	GlobalSection(SolutionProperties) = preSolution
		HideSolutionNode = FALSE
	EndGlobalSection
	GlobalSection(ExtensibilityGlobals) = postSolution
		SolutionGuid = {42240701-5A78-4130-AAD7-3084BB08F2E8}
	EndGlobalSection
EndGlobal
