<?xml version="1.0" encoding="utf-8"?>
<Project ToolsVersion="4.0" xmlns="http://schemas.microsoft.com/developer/msbuild/2003">
  <ItemGroup>
    <ClCompile Include="LAB5.cpp" />
    <ClCompile Include="catch2\catch_amalgamated.cpp">
      <Filter>catch2</Filter>
    </ClCompile>
  </ItemGroup>
  <ItemGroup>
    <Filter Include="catch2">
      <UniqueIdentifier>{ad241c8b-2d3e-4cf2-b656-2f5757bf8e89}</UniqueIdentifier>
    </Filter>
  </ItemGroup>
  <ItemGroup>
    <ClInclude Include="catch2\catch_amalgamated.hpp">
      <Filter>catch2</Filter>
    </ClInclude>
  </ItemGroup>
</Project>