<?xml version="1.0" encoding="utf-8"?>
<Project ToolsVersion="4.0" xmlns="http://schemas.microsoft.com/developer/msbuild/2003">
  <ItemGroup>
    <ClCompile Include="src\classes\CJSONLoader.cpp">
      <Filter>Классы</Filter>
    </ClCompile>
    <ClCompile Include="src\classes\CJSONPersonLoaderFactory.cpp">
      <Filter>Классы</Filter>
    </ClCompile>
    <ClCompile Include="src\classes\CPerson.cpp">
      <Filter>Классы</Filter>
    </ClCompile>
    <ClCompile Include="src\classes\CXMLLoader.cpp">
      <Filter>Классы</Filter>
    </ClCompile>
    <ClCompile Include="src\classes\CXMLLoader.hpp">
      <Filter>Классы</Filter>
    </ClCompile>
    <ClCompile Include="src\classes\CXMLPersonLoaderFactory.cpp">
      <Filter>Классы</Filter>
    </ClCompile>
    <ClCompile Include="src\LAB6.cpp" />
    <ClCompile Include="include\pugixml\pugixml.cpp">
      <Filter>Сторонние библиотеки\pugixml</Filter>
    </ClCompile>
  </ItemGroup>
  <ItemGroup>
    <ClInclude Include="src\classes\CAbstractPersonLoader.hpp">
      <Filter>Классы</Filter>
    </ClInclude>
    <ClInclude Include="src\classes\CAbstractPersonLoaderFactory.hpp">
      <Filter>Классы</Filter>
    </ClInclude>
    <ClInclude Include="src\classes\CJSONLoader.hpp">
      <Filter>Классы</Filter>
    </ClInclude>
    <ClInclude Include="src\classes\CJSONPersonLoaderFactory.hpp">
      <Filter>Классы</Filter>
    </ClInclude>
    <ClInclude Include="src\classes\CPerson.hpp">
      <Filter>Классы</Filter>
    </ClInclude>
    <ClInclude Include="src\classes\CXMLPersonLoaderFactory.hpp">
      <Filter>Классы</Filter>
    </ClInclude>
    <ClInclude Include="include\nlohmann\json.hpp">
      <Filter>Сторонние библиотеки\nlohmann</Filter>
    </ClInclude>
    <ClInclude Include="include\pugixml\pugiconfig.hpp">
      <Filter>Сторонние библиотеки\pugixml</Filter>
    </ClInclude>
    <ClInclude Include="include\pugixml\pugixml.hpp">
      <Filter>Сторонние библиотеки\pugixml</Filter>
    </ClInclude>
  </ItemGroup>
  <ItemGroup>
    <Filter Include="Сторонние библиотеки">
      <UniqueIdentifier>{044cb79d-f13c-4696-a927-eb67e6820383}</UniqueIdentifier>
    </Filter>
    <Filter Include="Сторонние библиотеки\nlohmann">
      <UniqueIdentifier>{4eb5f0d8-a8fb-4a6b-b922-0392217f62d9}</UniqueIdentifier>
    </Filter>
    <Filter Include="Сторонние библиотеки\pugixml">
      <UniqueIdentifier>{518f0a6e-9b71-47a4-8984-00f44f2fee38}</UniqueIdentifier>
    </Filter>
    <Filter Include="Классы">
      <UniqueIdentifier>{f9cbf0cf-a9de-4912-8730-65838d858c45}</UniqueIdentifier>
    </Filter>
  </ItemGroup>
  <ItemGroup>
    <Xml Include="Person.xml" />
  </ItemGroup>
  <ItemGroup>
    <None Include="Person.json" />
  </ItemGroup>
</Project>