<?xml version="1.0" encoding="utf-8"?>
<Project ToolsVersion="4.0" xmlns="http://schemas.microsoft.com/developer/msbuild/2003">
  <ItemGroup>
    <ClCompile Include="pugixml\pugixml.cpp">
      <Filter>pugixml</Filter>
    </ClCompile>
    <ClCompile Include="catch2\catch_amalgamated.cpp">
      <Filter>catch2</Filter>
    </ClCompile>
    <ClCompile Include="LAB6.cpp" />
  </ItemGroup>
  <ItemGroup>
    <ClInclude Include="pugixml\pugiconfig.hpp">
      <Filter>pugixml</Filter>
    </ClInclude>
    <ClInclude Include="pugixml\pugixml.hpp">
      <Filter>pugixml</Filter>
    </ClInclude>
    <ClInclude Include="nlohmann\json.hpp">
      <Filter>nlohmann</Filter>
    </ClInclude>
    <ClInclude Include="catch2\catch_amalgamated.hpp">
      <Filter>catch2</Filter>
    </ClInclude>
  </ItemGroup>
  <ItemGroup>
    <Filter Include="pugixml">
      <UniqueIdentifier>{518f0a6e-9b71-47a4-8984-00f44f2fee38}</UniqueIdentifier>
    </Filter>
    <Filter Include="nlohmann">
      <UniqueIdentifier>{4eb5f0d8-a8fb-4a6b-b922-0392217f62d9}</UniqueIdentifier>
    </Filter>
    <Filter Include="catch2">
      <UniqueIdentifier>{e21df2ef-0fe5-4390-9283-b635275a0473}</UniqueIdentifier>
    </Filter>
  </ItemGroup>
  <ItemGroup>
    <Xml Include="Person.xml" />
  </ItemGroup>
  <ItemGroup>
    <None Include="Person.json" />
  </ItemGroup>
</Project>